
Microsoft Visual Studio Solution File, Format Version 12.00
# Visual Studio 14
VisualStudioVersion = 14.0.25420.1
MinimumVisualStudioVersion = 10.0.40219.1
Project("{FAE04EC0-301F-11D3-BF4B-00C04F79EFBC}") = "WpfMvvmExample", "WPF_MVVM_example\WpfMvvmExample.csproj", "{9BF9A8BE-A89C-4F0B-9FD9-4AE57EBAC25E}"
EndProject
Project("{FAE04EC0-301F-11D3-BF4B-00C04F79EFBC}") = "TreeViewExample", "TreeViewExample\TreeViewExample.csproj", "{317FDF46-19DB-4D19-A396-303139AA577B}"
EndProject
Project("{FAE04EC0-301F-11D3-BF4B-00C04F79EFBC}") = "WPF_MVVM_TestProject", "WPF_MVVM_TestProject\WPF_MVVM_TestProject.csproj", "{9180CF78-0032-4A77-829A-E8C2DA912469}"
EndProject
Global
	GlobalSection(SolutionConfigurationPlatforms) = preSolution
		Debug|Any CPU = Debug|Any CPU
		Release|Any CPU = Release|Any CPU
	EndGlobalSection
	GlobalSection(ProjectConfigurationPlatforms) = postSolution
		{9BF9A8BE-A89C-4F0B-9FD9-4AE57EBAC25E}.Debug|Any CPU.ActiveCfg = Debug|Any CPU
		{9BF9A8BE-A89C-4F0B-9FD9-4AE57EBAC25E}.Debug|Any CPU.Build.0 = Debug|Any CPU
		{9BF9A8BE-A89C-4F0B-9FD9-4AE57EBAC25E}.Release|Any CPU.ActiveCfg = Release|Any CPU
		{9BF9A8BE-A89C-4F0B-9FD9-4AE57EBAC25E}.Release|Any CPU.Build.0 = Release|Any CPU
		{317FDF46-19DB-4D19-A396-303139AA577B}.Debug|Any CPU.ActiveCfg = Debug|Any CPU
		{317FDF46-19DB-4D19-A396-303139AA577B}.Debug|Any CPU.Build.0 = Debug|Any CPU
		{317FDF46-19DB-4D19-A396-303139AA577B}.Release|Any CPU.ActiveCfg = Release|Any CPU
		{317FDF46-19DB-4D19-A396-303139AA577B}.Release|Any CPU.Build.0 = Release|Any CPU
		{9180CF78-0032-4A77-829A-E8C2DA912469}.Debug|Any CPU.ActiveCfg = Debug|Any CPU
		{9180CF78-0032-4A77-829A-E8C2DA912469}.Debug|Any CPU.Build.0 = Debug|Any CPU
		{9180CF78-0032-4A77-829A-E8C2DA912469}.Release|Any CPU.ActiveCfg = Release|Any CPU
		{9180CF78-0032-4A77-829A-E8C2DA912469}.Release|Any CPU.Build.0 = Release|Any CPU
	EndGlobalSection
	GlobalSection(SolutionProperties) = preSolution
		HideSolutionNode = FALSE
	EndGlobalSection
EndGlobal
